
Microsoft Visual Studio Solution File, Format Version 9.00
# Visual Studio 2005
Project("{8BC9CEB8-8B4A-11D0-8D11-00A0C91BC942}") = "Modular Desktop", "src\Modular Desktop.vcproj", "{863D10E9-4937-4A70-B7C0-1DD5E2FC919C}"
	ProjectSection(WebsiteProperties) = preProject
		Debug.AspNetCompiler.Debug = "True"
		Release.AspNetCompiler.Debug = "False"
	EndProjectSection
EndProject
Global
	GlobalSection(SolutionConfigurationPlatforms) = preSolution
		Debug|Win32 = Debug|Win32
		Release|Win32 = Release|Win32
	EndGlobalSection
	GlobalSection(ProjectConfigurationPlatforms) = postSolution
		{863D10E9-4937-4A70-B7C0-1DD5E2FC919C}.Debug|Win32.ActiveCfg = Debug|Win32
		{863D10E9-4937-4A70-B7C0-1DD5E2FC919C}.Debug|Win32.Build.0 = Debug|Win32
		{863D10E9-4937-4A70-B7C0-1DD5E2FC919C}.Release|Win32.ActiveCfg = Release|Win32
		{863D10E9-4937-4A70-B7C0-1DD5E2FC919C}.Release|Win32.Build.0 = Release|Win32
	EndGlobalSection
	GlobalSection(SolutionProperties) = preSolution
		HideSolutionNode = FALSE
	EndGlobalSection
EndGlobal
